# This file is automatically @generated by Cargo.
# It is not intended for manual editing.
version = 3

[[package]]
name = "contest_1_problem_a"
version = "0.1.0"

[[package]]
name = "contest_1_problem_b"
version = "0.1.0"

[[package]]
name = "contest_1_problem_c"
version = "0.1.0"

[[package]]
name = "contest_2_problem_a"
version = "0.1.0"

[[package]]
name = "contest_2_problem_b"
version = "0.1.0"

[[package]]
name = "contest_2_problem_c"
version = "0.1.0"

[[package]]
name = "contest_2_problem_d"
version = "0.1.0"

[[package]]
name = "contest_2_problem_e"
version = "0.1.0"

[[package]]
name = "contest_3_problem_a"
version = "0.1.0"

[[package]]
name = "contest_3_problem_b"
version = "0.1.0"

[[package]]
name = "contest_4_problem_a"
version = "0.1.0"

[[package]]
name = "contest_4_problem_b"
version = "0.1.0"

[[package]]
name = "contest_5_problem_a"
version = "0.1.0"

[[package]]
name = "contest_6_problem_a"
version = "0.1.0"

[[package]]
name = "contest_7_problem_a"
version = "0.1.0"
